{
  "name": "formcheck-validation",
  "version": "1.0.4",
  "lockfileVersion": 3,
  "requires": true,
  "packages": {
    "": {
      "name": "formcheck-validation",
      "version": "1.0.4",
      "license": "ISC",
      "dependencies": {
        "formcheck-simritha": "^1.0.0"
      }
    },
    "node_modules/formcheck-simritha": {
      "version": "1.0.0",
      "resolved": "https://registry.npmjs.org/formcheck-simritha/-/formcheck-simritha-1.0.0.tgz",
      "integrity": "sha512-t3HQONFUW5z3ATrdl8RXv0zwcSojxu7AL//Y8JHtXLb8ZJRmDc0V6/TZcjS+iVYvfEJIuFlU2X5TwzoqQPXKbw==",
      "license": "ISC"
    }
  }
}
